// !$*UTF8*$!
{
	archiveVersion = 1;
	classes = {
	};
	objectVersion = 46;
	objects = {

/* Begin PBXBuildFile section */
		ABCE9E8CE382E6EB3055632C /* libPods.a in Frameworks */ = {isa = PBXBuildFile; fileRef = 282FCF13BD47C1A26E91BC98 /* libPods.a */; };
		DA1E7A721B0CD29B00263026 /* NewsTableViewController.swift in Sources */ = {isa = PBXBuildFile; fileRef = DA1E7A711B0CD29B00263026 /* NewsTableViewController.swift */; };
		DA1E7A741B0CD3B500263026 /* NewsViewController.swift in Sources */ = {isa = PBXBuildFile; fileRef = DA1E7A731B0CD3B500263026 /* NewsViewController.swift */; };
		DA1E7A761B0CE58500263026 /* structural-fold-phase.swift in Sources */ = {isa = PBXBuildFile; fileRef = DA1E7A751B0CE58500263026 /* structural-fold-phase.swift */; };
		DA1E7A791B0CE5AA00263026 /* semantic-fold-phase.swift in Sources */ = {isa = PBXBuildFile; fileRef = DA1E7A781B0CE5AA00263026 /* semantic-fold-phase.swift */; };
		DA1E7A7B1B0CE5C400263026 /* news-fold.swift in Sources */ = {isa = PBXBuildFile; fileRef = DA1E7A7A1B0CE5C400263026 /* news-fold.swift */; };
		DA34AF5A1AFA3E0C0064B45E /* libxml2.2.dylib in Frameworks */ = {isa = PBXBuildFile; fileRef = DA34AF591AFA3E0C0064B45E /* libxml2.2.dylib */; };
		DA34AF631AFA3F0B0064B45E /* XPathQuery.m in Sources */ = {isa = PBXBuildFile; fileRef = DA34AF5B1AFA3F0B0064B45E /* XPathQuery.m */; };
		DA34AF641AFA3F0B0064B45E /* TFHpple.m in Sources */ = {isa = PBXBuildFile; fileRef = DA34AF5F1AFA3F0B0064B45E /* TFHpple.m */; };
		DA34AF651AFA3F0B0064B45E /* TFHppleElement.m in Sources */ = {isa = PBXBuildFile; fileRef = DA34AF611AFA3F0B0064B45E /* TFHppleElement.m */; };
		DA34AF681AFA444E0064B45E /* news-html.swift in Sources */ = {isa = PBXBuildFile; fileRef = DA34AF671AFA444E0064B45E /* news-html.swift */; };
		DA5AD6CB1ADFF70E00C740E6 /* AppDelegate.swift in Sources */ = {isa = PBXBuildFile; fileRef = DA5AD6CA1ADFF70E00C740E6 /* AppDelegate.swift */; };
		DA5AD6D21ADFF70E00C740E6 /* Main.storyboard in Resources */ = {isa = PBXBuildFile; fileRef = DA5AD6D01ADFF70E00C740E6 /* Main.storyboard */; };
		DA5AD6D41ADFF70E00C740E6 /* Images.xcassets in Resources */ = {isa = PBXBuildFile; fileRef = DA5AD6D31ADFF70E00C740E6 /* Images.xcassets */; };
		DA5AD6D71ADFF70E00C740E6 /* LaunchScreen.xib in Resources */ = {isa = PBXBuildFile; fileRef = DA5AD6D51ADFF70E00C740E6 /* LaunchScreen.xib */; };
		DA5AD6E31ADFF70E00C740E6 /* CampuswelleTests.swift in Sources */ = {isa = PBXBuildFile; fileRef = DA5AD6E21ADFF70E00C740E6 /* CampuswelleTests.swift */; };
		DA5AD6ED1ADFF71A00C740E6 /* Cartfile in Resources */ = {isa = PBXBuildFile; fileRef = DA5AD6EC1ADFF71A00C740E6 /* Cartfile */; };
		DA6E8DA31ADFFEB20075525C /* ArticleTableViewController.swift in Sources */ = {isa = PBXBuildFile; fileRef = DA6E8DA21ADFFEB20075525C /* ArticleTableViewController.swift */; };
		DA6E8DA51ADFFEBF0075525C /* PodcastTableViewController.swift in Sources */ = {isa = PBXBuildFile; fileRef = DA6E8DA41ADFFEBF0075525C /* PodcastTableViewController.swift */; };
		DA6E8DA71ADFFED10075525C /* AlbumCollectionViewController.swift in Sources */ = {isa = PBXBuildFile; fileRef = DA6E8DA61ADFFED10075525C /* AlbumCollectionViewController.swift */; };
		DA6E8DAB1ADFFEFE0075525C /* podcast-data.swift in Sources */ = {isa = PBXBuildFile; fileRef = DA6E8DAA1ADFFEFE0075525C /* podcast-data.swift */; };
		DA6E8DAD1ADFFF060075525C /* article-data.swift in Sources */ = {isa = PBXBuildFile; fileRef = DA6E8DAC1ADFFF060075525C /* article-data.swift */; };
		DA6E8DAF1ADFFF1C0075525C /* album-data.swift in Sources */ = {isa = PBXBuildFile; fileRef = DA6E8DAE1ADFFF1C0075525C /* album-data.swift */; };
		DA6E8DB61AE026D10075525C /* Article.swift in Sources */ = {isa = PBXBuildFile; fileRef = DA6E8DB51AE026D10075525C /* Article.swift */; };
		DA6E8DB81AE026DD0075525C /* Podcast.swift in Sources */ = {isa = PBXBuildFile; fileRef = DA6E8DB71AE026DD0075525C /* Podcast.swift */; };
		DA6E8DBA1AE026ED0075525C /* Album.swift in Sources */ = {isa = PBXBuildFile; fileRef = DA6E8DB91AE026ED0075525C /* Album.swift */; };
		DA6E8DBC1AE026FB0075525C /* AlbumElement.swift in Sources */ = {isa = PBXBuildFile; fileRef = DA6E8DBB1AE026FB0075525C /* AlbumElement.swift */; };
		DA6E8DBE1AE03A1E0075525C /* news-data.swift in Sources */ = {isa = PBXBuildFile; fileRef = DA6E8DBD1AE03A1E0075525C /* news-data.swift */; };
		DA701D661AE3D73600A19244 /* common-vc.swift in Sources */ = {isa = PBXBuildFile; fileRef = DA701D651AE3D73600A19244 /* common-vc.swift */; };
		DA701D681AE3DD6000A19244 /* PodcastViewController.swift in Sources */ = {isa = PBXBuildFile; fileRef = DA701D671AE3DD6000A19244 /* PodcastViewController.swift */; };
		DA701D6C1AE3E29500A19244 /* WebViewWrapperDelegate.swift in Sources */ = {isa = PBXBuildFile; fileRef = DA701D6B1AE3E29500A19244 /* WebViewWrapperDelegate.swift */; };
		DA759DC91AE2DC0000746678 /* additions.swift in Sources */ = {isa = PBXBuildFile; fileRef = DA759DC81AE2DC0000746678 /* additions.swift */; };
		DA759DCB1AE2E21500746678 /* WebKit.framework in Frameworks */ = {isa = PBXBuildFile; fileRef = DA759DCA1AE2E21500746678 /* WebKit.framework */; };
		DA759DCE1AE2E2ED00746678 /* ArticleViewController.swift in Sources */ = {isa = PBXBuildFile; fileRef = DA759DCD1AE2E2ED00746678 /* ArticleViewController.swift */; };
		DA759DD11AE2ED9A00746678 /* wrapper.html in Resources */ = {isa = PBXBuildFile; fileRef = DA759DD01AE2ED9A00746678 /* wrapper.html */; };
		DA759DD61AE2F7E200746678 /* PlaybackViewController.swift in Sources */ = {isa = PBXBuildFile; fileRef = DA759DD51AE2F7E200746678 /* PlaybackViewController.swift */; };
		DA759DD81AE3043D00746678 /* AVFoundation.framework in Frameworks */ = {isa = PBXBuildFile; fileRef = DA759DD71AE3043D00746678 /* AVFoundation.framework */; };
		DA759DDC1AE3308000746678 /* MediaPlayer.framework in Frameworks */ = {isa = PBXBuildFile; fileRef = DA759DDB1AE3308000746678 /* MediaPlayer.framework */; };
		DA759DDE1AE330AE00746678 /* PodcastPlayer.swift in Sources */ = {isa = PBXBuildFile; fileRef = DA759DDD1AE330AE00746678 /* PodcastPlayer.swift */; };
/* End PBXBuildFile section */

/* Begin PBXContainerItemProxy section */
		DA5AD6DD1ADFF70E00C740E6 /* PBXContainerItemProxy */ = {
			isa = PBXContainerItemProxy;
			containerPortal = DA5AD6BD1ADFF70E00C740E6 /* Project object */;
			proxyType = 1;
			remoteGlobalIDString = DA5AD6C41ADFF70E00C740E6;
			remoteInfo = Campuswelle;
		};
/* End PBXContainerItemProxy section */

/* Begin PBXFileReference section */
		282FCF13BD47C1A26E91BC98 /* libPods.a */ = {isa = PBXFileReference; explicitFileType = archive.ar; includeInIndex = 0; path = libPods.a; sourceTree = BUILT_PRODUCTS_DIR; };
		C286C656F7E7666AB413866E /* Pods.debug.xcconfig */ = {isa = PBXFileReference; includeInIndex = 1; lastKnownFileType = text.xcconfig; name = Pods.debug.xcconfig; path = "../Pods/Target Support Files/Pods/Pods.debug.xcconfig"; sourceTree = "<group>"; };
		DA1E7A711B0CD29B00263026 /* NewsTableViewController.swift */ = {isa = PBXFileReference; fileEncoding = 4; lastKnownFileType = sourcecode.swift; path = NewsTableViewController.swift; sourceTree = "<group>"; };
		DA1E7A731B0CD3B500263026 /* NewsViewController.swift */ = {isa = PBXFileReference; fileEncoding = 4; lastKnownFileType = sourcecode.swift; path = NewsViewController.swift; sourceTree = "<group>"; };
		DA1E7A751B0CE58500263026 /* structural-fold-phase.swift */ = {isa = PBXFileReference; fileEncoding = 4; lastKnownFileType = sourcecode.swift; path = "structural-fold-phase.swift"; sourceTree = "<group>"; };
		DA1E7A781B0CE5AA00263026 /* semantic-fold-phase.swift */ = {isa = PBXFileReference; fileEncoding = 4; lastKnownFileType = sourcecode.swift; path = "semantic-fold-phase.swift"; sourceTree = "<group>"; };
		DA1E7A7A1B0CE5C400263026 /* news-fold.swift */ = {isa = PBXFileReference; fileEncoding = 4; lastKnownFileType = sourcecode.swift; path = "news-fold.swift"; sourceTree = "<group>"; };
		DA34AF591AFA3E0C0064B45E /* libxml2.2.dylib */ = {isa = PBXFileReference; lastKnownFileType = "compiled.mach-o.dylib"; name = libxml2.2.dylib; path = usr/lib/libxml2.2.dylib; sourceTree = SDKROOT; };
		DA34AF5B1AFA3F0B0064B45E /* XPathQuery.m */ = {isa = PBXFileReference; fileEncoding = 4; lastKnownFileType = sourcecode.c.objc; path = XPathQuery.m; sourceTree = "<group>"; };
		DA34AF5C1AFA3F0B0064B45E /* XPathQuery.h */ = {isa = PBXFileReference; fileEncoding = 4; lastKnownFileType = sourcecode.c.h; path = XPathQuery.h; sourceTree = "<group>"; };
		DA34AF5E1AFA3F0B0064B45E /* TFHpple.h */ = {isa = PBXFileReference; fileEncoding = 4; lastKnownFileType = sourcecode.c.h; path = TFHpple.h; sourceTree = "<group>"; };
		DA34AF5F1AFA3F0B0064B45E /* TFHpple.m */ = {isa = PBXFileReference; fileEncoding = 4; lastKnownFileType = sourcecode.c.objc; path = TFHpple.m; sourceTree = "<group>"; };
		DA34AF601AFA3F0B0064B45E /* TFHppleElement.h */ = {isa = PBXFileReference; fileEncoding = 4; lastKnownFileType = sourcecode.c.h; path = TFHppleElement.h; sourceTree = "<group>"; };
		DA34AF611AFA3F0B0064B45E /* TFHppleElement.m */ = {isa = PBXFileReference; fileEncoding = 4; lastKnownFileType = sourcecode.c.objc; path = TFHppleElement.m; sourceTree = "<group>"; };
		DA34AF661AFA3F4F0064B45E /* PrefixHeader.pch */ = {isa = PBXFileReference; lastKnownFileType = sourcecode.c.h; path = PrefixHeader.pch; sourceTree = "<group>"; };
		DA34AF671AFA444E0064B45E /* news-html.swift */ = {isa = PBXFileReference; fileEncoding = 4; lastKnownFileType = sourcecode.swift; path = "news-html.swift"; sourceTree = "<group>"; };
		DA5AD6C51ADFF70E00C740E6 /* Campuswelle.app */ = {isa = PBXFileReference; explicitFileType = wrapper.application; includeInIndex = 0; path = Campuswelle.app; sourceTree = BUILT_PRODUCTS_DIR; };
		DA5AD6C91ADFF70E00C740E6 /* Info.plist */ = {isa = PBXFileReference; lastKnownFileType = text.plist.xml; path = Info.plist; sourceTree = "<group>"; };
		DA5AD6CA1ADFF70E00C740E6 /* AppDelegate.swift */ = {isa = PBXFileReference; lastKnownFileType = sourcecode.swift; path = AppDelegate.swift; sourceTree = "<group>"; };
		DA5AD6D11ADFF70E00C740E6 /* Base */ = {isa = PBXFileReference; lastKnownFileType = file.storyboard; name = Base; path = Base.lproj/Main.storyboard; sourceTree = "<group>"; };
		DA5AD6D31ADFF70E00C740E6 /* Images.xcassets */ = {isa = PBXFileReference; lastKnownFileType = folder.assetcatalog; path = Images.xcassets; sourceTree = "<group>"; };
		DA5AD6D61ADFF70E00C740E6 /* Base */ = {isa = PBXFileReference; lastKnownFileType = file.xib; name = Base; path = Base.lproj/LaunchScreen.xib; sourceTree = "<group>"; };
		DA5AD6DC1ADFF70E00C740E6 /* CampuswelleTests.xctest */ = {isa = PBXFileReference; explicitFileType = wrapper.cfbundle; includeInIndex = 0; path = CampuswelleTests.xctest; sourceTree = BUILT_PRODUCTS_DIR; };
		DA5AD6E11ADFF70E00C740E6 /* Info.plist */ = {isa = PBXFileReference; lastKnownFileType = text.plist.xml; path = Info.plist; sourceTree = "<group>"; };
		DA5AD6E21ADFF70E00C740E6 /* CampuswelleTests.swift */ = {isa = PBXFileReference; lastKnownFileType = sourcecode.swift; path = CampuswelleTests.swift; sourceTree = "<group>"; };
		DA5AD6EC1ADFF71A00C740E6 /* Cartfile */ = {isa = PBXFileReference; explicitFileType = text.script.ruby; fileEncoding = 4; name = Cartfile; path = ../Cartfile; sourceTree = "<group>"; };
		DA6E8DA21ADFFEB20075525C /* ArticleTableViewController.swift */ = {isa = PBXFileReference; fileEncoding = 4; lastKnownFileType = sourcecode.swift; path = ArticleTableViewController.swift; sourceTree = "<group>"; };
		DA6E8DA41ADFFEBF0075525C /* PodcastTableViewController.swift */ = {isa = PBXFileReference; fileEncoding = 4; lastKnownFileType = sourcecode.swift; path = PodcastTableViewController.swift; sourceTree = "<group>"; };
		DA6E8DA61ADFFED10075525C /* AlbumCollectionViewController.swift */ = {isa = PBXFileReference; fileEncoding = 4; lastKnownFileType = sourcecode.swift; path = AlbumCollectionViewController.swift; sourceTree = "<group>"; };
		DA6E8DAA1ADFFEFE0075525C /* podcast-data.swift */ = {isa = PBXFileReference; fileEncoding = 4; lastKnownFileType = sourcecode.swift; path = "podcast-data.swift"; sourceTree = "<group>"; };
		DA6E8DAC1ADFFF060075525C /* article-data.swift */ = {isa = PBXFileReference; fileEncoding = 4; lastKnownFileType = sourcecode.swift; path = "article-data.swift"; sourceTree = "<group>"; };
		DA6E8DAE1ADFFF1C0075525C /* album-data.swift */ = {isa = PBXFileReference; fileEncoding = 4; lastKnownFileType = sourcecode.swift; path = "album-data.swift"; sourceTree = "<group>"; };
		DA6E8DB01AE000400075525C /* Campuswelle-Bridging-Header.h */ = {isa = PBXFileReference; lastKnownFileType = sourcecode.c.h; path = "Campuswelle-Bridging-Header.h"; sourceTree = SOURCE_ROOT; };
		DA6E8DB51AE026D10075525C /* Article.swift */ = {isa = PBXFileReference; fileEncoding = 4; lastKnownFileType = sourcecode.swift; path = Article.swift; sourceTree = "<group>"; };
		DA6E8DB71AE026DD0075525C /* Podcast.swift */ = {isa = PBXFileReference; fileEncoding = 4; lastKnownFileType = sourcecode.swift; path = Podcast.swift; sourceTree = "<group>"; };
		DA6E8DB91AE026ED0075525C /* Album.swift */ = {isa = PBXFileReference; fileEncoding = 4; lastKnownFileType = sourcecode.swift; path = Album.swift; sourceTree = "<group>"; };
		DA6E8DBB1AE026FB0075525C /* AlbumElement.swift */ = {isa = PBXFileReference; fileEncoding = 4; lastKnownFileType = sourcecode.swift; path = AlbumElement.swift; sourceTree = "<group>"; };
		DA6E8DBD1AE03A1E0075525C /* news-data.swift */ = {isa = PBXFileReference; fileEncoding = 4; lastKnownFileType = sourcecode.swift; path = "news-data.swift"; sourceTree = "<group>"; };
		DA701D651AE3D73600A19244 /* common-vc.swift */ = {isa = PBXFileReference; fileEncoding = 4; lastKnownFileType = sourcecode.swift; path = "common-vc.swift"; sourceTree = "<group>"; };
		DA701D671AE3DD6000A19244 /* PodcastViewController.swift */ = {isa = PBXFileReference; fileEncoding = 4; lastKnownFileType = sourcecode.swift; path = PodcastViewController.swift; sourceTree = "<group>"; };
		DA701D6B1AE3E29500A19244 /* WebViewWrapperDelegate.swift */ = {isa = PBXFileReference; fileEncoding = 4; lastKnownFileType = sourcecode.swift; path = WebViewWrapperDelegate.swift; sourceTree = "<group>"; };
		DA759DC81AE2DC0000746678 /* additions.swift */ = {isa = PBXFileReference; fileEncoding = 4; lastKnownFileType = sourcecode.swift; path = additions.swift; sourceTree = "<group>"; };
		DA759DCA1AE2E21500746678 /* WebKit.framework */ = {isa = PBXFileReference; lastKnownFileType = wrapper.framework; name = WebKit.framework; path = System/Library/Frameworks/WebKit.framework; sourceTree = SDKROOT; };
		DA759DCD1AE2E2ED00746678 /* ArticleViewController.swift */ = {isa = PBXFileReference; fileEncoding = 4; lastKnownFileType = sourcecode.swift; path = ArticleViewController.swift; sourceTree = "<group>"; };
		DA759DD01AE2ED9A00746678 /* wrapper.html */ = {isa = PBXFileReference; fileEncoding = 4; lastKnownFileType = text.html; path = wrapper.html; sourceTree = "<group>"; };
		DA759DD31AE2F72500746678 /* AVKit.framework */ = {isa = PBXFileReference; lastKnownFileType = wrapper.framework; name = AVKit.framework; path = System/Library/Frameworks/AVKit.framework; sourceTree = SDKROOT; };
		DA759DD51AE2F7E200746678 /* PlaybackViewController.swift */ = {isa = PBXFileReference; fileEncoding = 4; lastKnownFileType = sourcecode.swift; path = PlaybackViewController.swift; sourceTree = "<group>"; };
		DA759DD71AE3043D00746678 /* AVFoundation.framework */ = {isa = PBXFileReference; lastKnownFileType = wrapper.framework; name = AVFoundation.framework; path = System/Library/Frameworks/AVFoundation.framework; sourceTree = SDKROOT; };
		DA759DD91AE32AC600746678 /* AudioToolbox.framework */ = {isa = PBXFileReference; lastKnownFileType = wrapper.framework; name = AudioToolbox.framework; path = System/Library/Frameworks/AudioToolbox.framework; sourceTree = SDKROOT; };
		DA759DDB1AE3308000746678 /* MediaPlayer.framework */ = {isa = PBXFileReference; lastKnownFileType = wrapper.framework; name = MediaPlayer.framework; path = System/Library/Frameworks/MediaPlayer.framework; sourceTree = SDKROOT; };
		DA759DDD1AE330AE00746678 /* PodcastPlayer.swift */ = {isa = PBXFileReference; fileEncoding = 4; lastKnownFileType = sourcecode.swift; path = PodcastPlayer.swift; sourceTree = "<group>"; };
		DC97D1657C8855F63D8C7C61 /* Pods.release.xcconfig */ = {isa = PBXFileReference; includeInIndex = 1; lastKnownFileType = text.xcconfig; name = Pods.release.xcconfig; path = "../Pods/Target Support Files/Pods/Pods.release.xcconfig"; sourceTree = "<group>"; };
/* End PBXFileReference section */

/* Begin PBXFrameworksBuildPhase section */
		DA5AD6C21ADFF70E00C740E6 /* Frameworks */ = {
			isa = PBXFrameworksBuildPhase;
			buildActionMask = 2147483647;
			files = (
				DA34AF5A1AFA3E0C0064B45E /* libxml2.2.dylib in Frameworks */,
				DA759DDC1AE3308000746678 /* MediaPlayer.framework in Frameworks */,
				DA759DD81AE3043D00746678 /* AVFoundation.framework in Frameworks */,
				DA759DCB1AE2E21500746678 /* WebKit.framework in Frameworks */,
				ABCE9E8CE382E6EB3055632C /* libPods.a in Frameworks */,
			);
			runOnlyForDeploymentPostprocessing = 0;
		};
		DA5AD6D91ADFF70E00C740E6 /* Frameworks */ = {
			isa = PBXFrameworksBuildPhase;
			buildActionMask = 2147483647;
			files = (
			);
			runOnlyForDeploymentPostprocessing = 0;
		};
/* End PBXFrameworksBuildPhase section */

/* Begin PBXGroup section */
		AE5C1C0A33F173384347B134 /* Frameworks */ = {
			isa = PBXGroup;
			children = (
				DA34AF591AFA3E0C0064B45E /* libxml2.2.dylib */,
				DA759DDB1AE3308000746678 /* MediaPlayer.framework */,
				DA759DD91AE32AC600746678 /* AudioToolbox.framework */,
				DA759DD71AE3043D00746678 /* AVFoundation.framework */,
				DA759DD31AE2F72500746678 /* AVKit.framework */,
				DA759DCA1AE2E21500746678 /* WebKit.framework */,
				282FCF13BD47C1A26E91BC98 /* libPods.a */,
			);
			name = Frameworks;
			sourceTree = "<group>";
		};
		C1E7DD18CE3FAE1F6DC3A1C0 /* Pods */ = {
			isa = PBXGroup;
			children = (
				C286C656F7E7666AB413866E /* Pods.debug.xcconfig */,
				DC97D1657C8855F63D8C7C61 /* Pods.release.xcconfig */,
			);
			name = Pods;
			sourceTree = "<group>";
		};
		DA1E7A771B0CE58C00263026 /* fold-phases */ = {
			isa = PBXGroup;
			children = (
				DA1E7A751B0CE58500263026 /* structural-fold-phase.swift */,
				DA1E7A781B0CE5AA00263026 /* semantic-fold-phase.swift */,
				DA1E7A7A1B0CE5C400263026 /* news-fold.swift */,
			);
			name = "fold-phases";
			sourceTree = "<group>";
		};
		DA34AF5D1AFA3F0B0064B45E /* XPath */ = {
			isa = PBXGroup;
			children = (
				DA34AF5B1AFA3F0B0064B45E /* XPathQuery.m */,
				DA34AF5C1AFA3F0B0064B45E /* XPathQuery.h */,
			);
			name = XPath;
			sourceTree = "<group>";
		};
		DA34AF621AFA3F0B0064B45E /* Hpple */ = {
			isa = PBXGroup;
			children = (
				DA34AF5D1AFA3F0B0064B45E /* XPath */,
				DA34AF5E1AFA3F0B0064B45E /* TFHpple.h */,
				DA34AF5F1AFA3F0B0064B45E /* TFHpple.m */,
				DA34AF601AFA3F0B0064B45E /* TFHppleElement.h */,
				DA34AF611AFA3F0B0064B45E /* TFHppleElement.m */,
			);
			name = Hpple;
			path = ../carthage/checkouts/hpple;
			sourceTree = "<group>";
		};
		DA5AD6BC1ADFF70E00C740E6 = {
			isa = PBXGroup;
			children = (
				DA34AF661AFA3F4F0064B45E /* PrefixHeader.pch */,
				DA34AF621AFA3F0B0064B45E /* Hpple */,
				DA5AD6EC1ADFF71A00C740E6 /* Cartfile */,
				DA5AD6C71ADFF70E00C740E6 /* Campuswelle */,
				DA5AD6DF1ADFF70E00C740E6 /* CampuswelleTests */,
				DA5AD6C61ADFF70E00C740E6 /* Products */,
				C1E7DD18CE3FAE1F6DC3A1C0 /* Pods */,
				AE5C1C0A33F173384347B134 /* Frameworks */,
			);
			sourceTree = "<group>";
		};
		DA5AD6C61ADFF70E00C740E6 /* Products */ = {
			isa = PBXGroup;
			children = (
				DA5AD6C51ADFF70E00C740E6 /* Campuswelle.app */,
				DA5AD6DC1ADFF70E00C740E6 /* CampuswelleTests.xctest */,
			);
			name = Products;
			sourceTree = "<group>";
		};
		DA5AD6C71ADFF70E00C740E6 /* Campuswelle */ = {
			isa = PBXGroup;
			children = (
				DA759DC81AE2DC0000746678 /* additions.swift */,
				DA701D651AE3D73600A19244 /* common-vc.swift */,
				DA6E8DB01AE000400075525C /* Campuswelle-Bridging-Header.h */,
				DA759DDD1AE330AE00746678 /* PodcastPlayer.swift */,
				DA5AD6CA1ADFF70E00C740E6 /* AppDelegate.swift */,
				DA6E8DB51AE026D10075525C /* Article.swift */,
				DA6E8DB71AE026DD0075525C /* Podcast.swift */,
				DA6E8DB91AE026ED0075525C /* Album.swift */,
				DA6E8DBB1AE026FB0075525C /* AlbumElement.swift */,
				DA6E8DBD1AE03A1E0075525C /* news-data.swift */,
				DA6E8DAA1ADFFEFE0075525C /* podcast-data.swift */,
				DA6E8DAC1ADFFF060075525C /* article-data.swift */,
				DA6E8DAE1ADFFF1C0075525C /* album-data.swift */,
				DA1E7A771B0CE58C00263026 /* fold-phases */,
				DA759DCF1AE2ED7000746678 /* HTML */,
				DA759DCC1AE2E2CF00746678 /* News */,
				DA759DD21AE2F46300746678 /* Podcast */,
				DA701D6D1AE3EB3D00A19244 /* Album */,
				DA5AD6D01ADFF70E00C740E6 /* Main.storyboard */,
				DA5AD6D31ADFF70E00C740E6 /* Images.xcassets */,
				DA5AD6D51ADFF70E00C740E6 /* LaunchScreen.xib */,
				DA5AD6C81ADFF70E00C740E6 /* Supporting Files */,
			);
			path = Campuswelle;
			sourceTree = "<group>";
		};
		DA5AD6C81ADFF70E00C740E6 /* Supporting Files */ = {
			isa = PBXGroup;
			children = (
				DA5AD6C91ADFF70E00C740E6 /* Info.plist */,
			);
			name = "Supporting Files";
			sourceTree = "<group>";
		};
		DA5AD6DF1ADFF70E00C740E6 /* CampuswelleTests */ = {
			isa = PBXGroup;
			children = (
				DA5AD6E21ADFF70E00C740E6 /* CampuswelleTests.swift */,
				DA5AD6E01ADFF70E00C740E6 /* Supporting Files */,
			);
			path = CampuswelleTests;
			sourceTree = "<group>";
		};
		DA5AD6E01ADFF70E00C740E6 /* Supporting Files */ = {
			isa = PBXGroup;
			children = (
				DA5AD6E11ADFF70E00C740E6 /* Info.plist */,
			);
			name = "Supporting Files";
			sourceTree = "<group>";
		};
		DA701D6D1AE3EB3D00A19244 /* Album */ = {
			isa = PBXGroup;
			children = (
				DA6E8DA61ADFFED10075525C /* AlbumCollectionViewController.swift */,
			);
			name = Album;
			sourceTree = "<group>";
		};
		DA759DCC1AE2E2CF00746678 /* News */ = {
			isa = PBXGroup;
			children = (
				DA6E8DA21ADFFEB20075525C /* ArticleTableViewController.swift */,
				DA759DCD1AE2E2ED00746678 /* ArticleViewController.swift */,
				DA1E7A731B0CD3B500263026 /* NewsViewController.swift */,
				DA1E7A711B0CD29B00263026 /* NewsTableViewController.swift */,
			);
			name = News;
			sourceTree = "<group>";
		};
		DA759DCF1AE2ED7000746678 /* HTML */ = {
			isa = PBXGroup;
			children = (
				DA701D6B1AE3E29500A19244 /* WebViewWrapperDelegate.swift */,
				DA34AF671AFA444E0064B45E /* news-html.swift */,
				DA759DD01AE2ED9A00746678 /* wrapper.html */,
			);
			name = HTML;
			sourceTree = "<group>";
		};
		DA759DD21AE2F46300746678 /* Podcast */ = {
			isa = PBXGroup;
			children = (
				DA6E8DA41ADFFEBF0075525C /* PodcastTableViewController.swift */,
				DA701D671AE3DD6000A19244 /* PodcastViewController.swift */,
				DA759DD51AE2F7E200746678 /* PlaybackViewController.swift */,
			);
			name = Podcast;
			sourceTree = "<group>";
		};
/* End PBXGroup section */

/* Begin PBXNativeTarget section */
		DA5AD6C41ADFF70E00C740E6 /* Campuswelle */ = {
			isa = PBXNativeTarget;
			buildConfigurationList = DA5AD6E61ADFF70E00C740E6 /* Build configuration list for PBXNativeTarget "Campuswelle" */;
			buildPhases = (
				0052E9388B87A7AD7D94FAE4 /* Check Pods Manifest.lock */,
				DA5AD6C11ADFF70E00C740E6 /* Sources */,
				DA5AD6C21ADFF70E00C740E6 /* Frameworks */,
				DA5AD6C31ADFF70E00C740E6 /* Resources */,
				24DAD0FBF1E1AA1DC8C9B083 /* Copy Pods Resources */,
			);
			buildRules = (
			);
			dependencies = (
			);
			name = Campuswelle;
			productName = Campuswelle;
			productReference = DA5AD6C51ADFF70E00C740E6 /* Campuswelle.app */;
			productType = "com.apple.product-type.application";
		};
		DA5AD6DB1ADFF70E00C740E6 /* CampuswelleTests */ = {
			isa = PBXNativeTarget;
			buildConfigurationList = DA5AD6E91ADFF70E00C740E6 /* Build configuration list for PBXNativeTarget "CampuswelleTests" */;
			buildPhases = (
				DA5AD6D81ADFF70E00C740E6 /* Sources */,
				DA5AD6D91ADFF70E00C740E6 /* Frameworks */,
				DA5AD6DA1ADFF70E00C740E6 /* Resources */,
			);
			buildRules = (
			);
			dependencies = (
				DA5AD6DE1ADFF70E00C740E6 /* PBXTargetDependency */,
			);
			name = CampuswelleTests;
			productName = CampuswelleTests;
			productReference = DA5AD6DC1ADFF70E00C740E6 /* CampuswelleTests.xctest */;
			productType = "com.apple.product-type.bundle.unit-test";
		};
/* End PBXNativeTarget section */

/* Begin PBXProject section */
		DA5AD6BD1ADFF70E00C740E6 /* Project object */ = {
			isa = PBXProject;
			attributes = {
				LastUpgradeCheck = 0630;
				ORGANIZATIONNAME = "Valentin Knabel";
				TargetAttributes = {
					DA5AD6C41ADFF70E00C740E6 = {
						CreatedOnToolsVersion = 6.3;
						SystemCapabilities = {
							com.apple.BackgroundModes = {
								enabled = 1;
							};
						};
					};
					DA5AD6DB1ADFF70E00C740E6 = {
						CreatedOnToolsVersion = 6.3;
						TestTargetID = DA5AD6C41ADFF70E00C740E6;
					};
				};
			};
			buildConfigurationList = DA5AD6C01ADFF70E00C740E6 /* Build configuration list for PBXProject "Campuswelle" */;
			compatibilityVersion = "Xcode 3.2";
			developmentRegion = English;
			hasScannedForEncodings = 0;
			knownRegions = (
				en,
				Base,
			);
			mainGroup = DA5AD6BC1ADFF70E00C740E6;
			productRefGroup = DA5AD6C61ADFF70E00C740E6 /* Products */;
			projectDirPath = "";
			projectRoot = "";
			targets = (
				DA5AD6C41ADFF70E00C740E6 /* Campuswelle */,
				DA5AD6DB1ADFF70E00C740E6 /* CampuswelleTests */,
			);
		};
/* End PBXProject section */

/* Begin PBXResourcesBuildPhase section */
		DA5AD6C31ADFF70E00C740E6 /* Resources */ = {
			isa = PBXResourcesBuildPhase;
			buildActionMask = 2147483647;
			files = (
				DA759DD11AE2ED9A00746678 /* wrapper.html in Resources */,
				DA5AD6D21ADFF70E00C740E6 /* Main.storyboard in Resources */,
				DA5AD6D71ADFF70E00C740E6 /* LaunchScreen.xib in Resources */,
				DA5AD6ED1ADFF71A00C740E6 /* Cartfile in Resources */,
				DA5AD6D41ADFF70E00C740E6 /* Images.xcassets in Resources */,
			);
			runOnlyForDeploymentPostprocessing = 0;
		};
		DA5AD6DA1ADFF70E00C740E6 /* Resources */ = {
			isa = PBXResourcesBuildPhase;
			buildActionMask = 2147483647;
			files = (
			);
			runOnlyForDeploymentPostprocessing = 0;
		};
/* End PBXResourcesBuildPhase section */

/* Begin PBXShellScriptBuildPhase section */
		0052E9388B87A7AD7D94FAE4 /* Check Pods Manifest.lock */ = {
			isa = PBXShellScriptBuildPhase;
			buildActionMask = 2147483647;
			files = (
			);
			inputPaths = (
			);
			name = "Check Pods Manifest.lock";
			outputPaths = (
			);
			runOnlyForDeploymentPostprocessing = 0;
			shellPath = /bin/sh;
			shellScript = "diff \"${PODS_ROOT}/../Podfile.lock\" \"${PODS_ROOT}/Manifest.lock\" > /dev/null\nif [[ $? != 0 ]] ; then\n    cat << EOM\nerror: The sandbox is not in sync with the Podfile.lock. Run 'pod install' or update your CocoaPods installation.\nEOM\n    exit 1\nfi\n";
			showEnvVarsInLog = 0;
		};
		24DAD0FBF1E1AA1DC8C9B083 /* Copy Pods Resources */ = {
			isa = PBXShellScriptBuildPhase;
			buildActionMask = 2147483647;
			files = (
			);
			inputPaths = (
			);
			name = "Copy Pods Resources";
			outputPaths = (
			);
			runOnlyForDeploymentPostprocessing = 0;
			shellPath = /bin/sh;
			shellScript = "\"${SRCROOT}/../Pods/Target Support Files/Pods/Pods-resources.sh\"\n";
			showEnvVarsInLog = 0;
		};
/* End PBXShellScriptBuildPhase section */

/* Begin PBXSourcesBuildPhase section */
		DA5AD6C11ADFF70E00C740E6 /* Sources */ = {
			isa = PBXSourcesBuildPhase;
			buildActionMask = 2147483647;
			files = (
				DA6E8DBC1AE026FB0075525C /* AlbumElement.swift in Sources */,
				DA6E8DA31ADFFEB20075525C /* ArticleTableViewController.swift in Sources */,
				DA34AF631AFA3F0B0064B45E /* XPathQuery.m in Sources */,
				DA1E7A741B0CD3B500263026 /* NewsViewController.swift in Sources */,
				DA5AD6CB1ADFF70E00C740E6 /* AppDelegate.swift in Sources */,
				DA701D661AE3D73600A19244 /* common-vc.swift in Sources */,
				DA6E8DAD1ADFFF060075525C /* article-data.swift in Sources */,
				DA6E8DA71ADFFED10075525C /* AlbumCollectionViewController.swift in Sources */,
				DA6E8DB61AE026D10075525C /* Article.swift in Sources */,
				DA1E7A7B1B0CE5C400263026 /* news-fold.swift in Sources */,
				DA759DC91AE2DC0000746678 /* additions.swift in Sources */,
				DA701D6C1AE3E29500A19244 /* WebViewWrapperDelegate.swift in Sources */,
				DA34AF681AFA444E0064B45E /* news-html.swift in Sources */,
				DA34AF651AFA3F0B0064B45E /* TFHppleElement.m in Sources */,
				DA34AF641AFA3F0B0064B45E /* TFHpple.m in Sources */,
				DA6E8DB81AE026DD0075525C /* Podcast.swift in Sources */,
				DA701D681AE3DD6000A19244 /* PodcastViewController.swift in Sources */,
				DA6E8DAF1ADFFF1C0075525C /* album-data.swift in Sources */,
				DA759DDE1AE330AE00746678 /* PodcastPlayer.swift in Sources */,
				DA1E7A791B0CE5AA00263026 /* semantic-fold-phase.swift in Sources */,
				DA759DCE1AE2E2ED00746678 /* ArticleViewController.swift in Sources */,
				DA6E8DAB1ADFFEFE0075525C /* podcast-data.swift in Sources */,
				DA6E8DA51ADFFEBF0075525C /* PodcastTableViewController.swift in Sources */,
				DA1E7A721B0CD29B00263026 /* NewsTableViewController.swift in Sources */,
				DA759DD61AE2F7E200746678 /* PlaybackViewController.swift in Sources */,
				DA6E8DBE1AE03A1E0075525C /* news-data.swift in Sources */,
				DA6E8DBA1AE026ED0075525C /* Album.swift in Sources */,
				DA1E7A761B0CE58500263026 /* structural-fold-phase.swift in Sources */,
			);
			runOnlyForDeploymentPostprocessing = 0;
		};
		DA5AD6D81ADFF70E00C740E6 /* Sources */ = {
			isa = PBXSourcesBuildPhase;
			buildActionMask = 2147483647;
			files = (
				DA5AD6E31ADFF70E00C740E6 /* CampuswelleTests.swift in Sources */,
			);
			runOnlyForDeploymentPostprocessing = 0;
		};
/* End PBXSourcesBuildPhase section */

/* Begin PBXTargetDependency section */
		DA5AD6DE1ADFF70E00C740E6 /* PBXTargetDependency */ = {
			isa = PBXTargetDependency;
			target = DA5AD6C41ADFF70E00C740E6 /* Campuswelle */;
			targetProxy = DA5AD6DD1ADFF70E00C740E6 /* PBXContainerItemProxy */;
		};
/* End PBXTargetDependency section */

/* Begin PBXVariantGroup section */
		DA5AD6D01ADFF70E00C740E6 /* Main.storyboard */ = {
			isa = PBXVariantGroup;
			children = (
				DA5AD6D11ADFF70E00C740E6 /* Base */,
			);
			name = Main.storyboard;
			sourceTree = "<group>";
		};
		DA5AD6D51ADFF70E00C740E6 /* LaunchScreen.xib */ = {
			isa = PBXVariantGroup;
			children = (
				DA5AD6D61ADFF70E00C740E6 /* Base */,
			);
			name = LaunchScreen.xib;
			sourceTree = "<group>";
		};
/* End PBXVariantGroup section */

/* Begin XCBuildConfiguration section */
		DA5AD6E41ADFF70E00C740E6 /* Debug */ = {
			isa = XCBuildConfiguration;
			buildSettings = {
				ALWAYS_SEARCH_USER_PATHS = NO;
				CLANG_CXX_LANGUAGE_STANDARD = "gnu++0x";
				CLANG_CXX_LIBRARY = "libc++";
				CLANG_ENABLE_MODULES = YES;
				CLANG_ENABLE_OBJC_ARC = YES;
				CLANG_WARN_BOOL_CONVERSION = YES;
				CLANG_WARN_CONSTANT_CONVERSION = YES;
				CLANG_WARN_DIRECT_OBJC_ISA_USAGE = YES_ERROR;
				CLANG_WARN_EMPTY_BODY = YES;
				CLANG_WARN_ENUM_CONVERSION = YES;
				CLANG_WARN_INT_CONVERSION = YES;
				CLANG_WARN_OBJC_ROOT_CLASS = YES_ERROR;
				CLANG_WARN_UNREACHABLE_CODE = YES;
				CLANG_WARN__DUPLICATE_METHOD_MATCH = YES;
				"CODE_SIGN_IDENTITY[sdk=iphoneos*]" = "iPhone Developer";
				COPY_PHASE_STRIP = NO;
				DEBUG_INFORMATION_FORMAT = "dwarf-with-dsym";
				ENABLE_STRICT_OBJC_MSGSEND = YES;
				GCC_C_LANGUAGE_STANDARD = gnu99;
				GCC_DYNAMIC_NO_PIC = NO;
				GCC_NO_COMMON_BLOCKS = YES;
				GCC_OPTIMIZATION_LEVEL = 0;
				GCC_PREPROCESSOR_DEFINITIONS = (
					"DEBUG=1",
					"$(inherited)",
				);
				GCC_SYMBOLS_PRIVATE_EXTERN = NO;
				GCC_WARN_64_TO_32_BIT_CONVERSION = YES;
				GCC_WARN_ABOUT_RETURN_TYPE = YES_ERROR;
				GCC_WARN_UNDECLARED_SELECTOR = YES;
				GCC_WARN_UNINITIALIZED_AUTOS = YES_AGGRESSIVE;
				GCC_WARN_UNUSED_FUNCTION = YES;
				GCC_WARN_UNUSED_VARIABLE = YES;
				IPHONEOS_DEPLOYMENT_TARGET = 8.3;
				MTL_ENABLE_DEBUG_INFO = YES;
				ONLY_ACTIVE_ARCH = YES;
				SDKROOT = iphoneos;
				SWIFT_OPTIMIZATION_LEVEL = "-Onone";
			};
			name = Debug;
		};
		DA5AD6E51ADFF70E00C740E6 /* Release */ = {
			isa = XCBuildConfiguration;
			buildSettings = {
				ALWAYS_SEARCH_USER_PATHS = NO;
				CLANG_CXX_LANGUAGE_STANDARD = "gnu++0x";
				CLANG_CXX_LIBRARY = "libc++";
				CLANG_ENABLE_MODULES = YES;
				CLANG_ENABLE_OBJC_ARC = YES;
				CLANG_WARN_BOOL_CONVERSION = YES;
				CLANG_WARN_CONSTANT_CONVERSION = YES;
				CLANG_WARN_DIRECT_OBJC_ISA_USAGE = YES_ERROR;
				CLANG_WARN_EMPTY_BODY = YES;
				CLANG_WARN_ENUM_CONVERSION = YES;
				CLANG_WARN_INT_CONVERSION = YES;
				CLANG_WARN_OBJC_ROOT_CLASS = YES_ERROR;
				CLANG_WARN_UNREACHABLE_CODE = YES;
				CLANG_WARN__DUPLICATE_METHOD_MATCH = YES;
				"CODE_SIGN_IDENTITY[sdk=iphoneos*]" = "iPhone Developer";
				COPY_PHASE_STRIP = NO;
				DEBUG_INFORMATION_FORMAT = "dwarf-with-dsym";
				ENABLE_NS_ASSERTIONS = NO;
				ENABLE_STRICT_OBJC_MSGSEND = YES;
				GCC_C_LANGUAGE_STANDARD = gnu99;
				GCC_NO_COMMON_BLOCKS = YES;
				GCC_WARN_64_TO_32_BIT_CONVERSION = YES;
				GCC_WARN_ABOUT_RETURN_TYPE = YES_ERROR;
				GCC_WARN_UNDECLARED_SELECTOR = YES;
				GCC_WARN_UNINITIALIZED_AUTOS = YES_AGGRESSIVE;
				GCC_WARN_UNUSED_FUNCTION = YES;
				GCC_WARN_UNUSED_VARIABLE = YES;
				IPHONEOS_DEPLOYMENT_TARGET = 8.3;
				MTL_ENABLE_DEBUG_INFO = NO;
				SDKROOT = iphoneos;
				VALIDATE_PRODUCT = YES;
			};
			name = Release;
		};
		DA5AD6E71ADFF70E00C740E6 /* Debug */ = {
			isa = XCBuildConfiguration;
			baseConfigurationReference = C286C656F7E7666AB413866E /* Pods.debug.xcconfig */;
			buildSettings = {
				ASSETCATALOG_COMPILER_APPICON_NAME = AppIcon;
				CLANG_ENABLE_MODULES = YES;
				GCC_PRECOMPILE_PREFIX_HEADER = YES;
				GCC_PREFIX_HEADER = PrefixHeader.pch;
				HEADER_SEARCH_PATHS = (
					"$(inherited)",
					"\"${PODS_ROOT}/Headers/Public\"",
					"\"${PODS_ROOT}/Headers/Public/BNRSSFeedParser\"",
					"$(SDKROOT)/usr/include/libxml2",
				);
				INFOPLIST_FILE = Campuswelle/Info.plist;
				LD_RUNPATH_SEARCH_PATHS = "$(inherited) @executable_path/Frameworks";
				PRODUCT_NAME = "$(TARGET_NAME)";
				SWIFT_OBJC_BRIDGING_HEADER = "Campuswelle-Bridging-Header.h";
				SWIFT_OPTIMIZATION_LEVEL = "-Onone";
				VERSION_INFO_PREFIX = "";
			};
			name = Debug;
		};
		DA5AD6E81ADFF70E00C740E6 /* Release */ = {
			isa = XCBuildConfiguration;
			baseConfigurationReference = DC97D1657C8855F63D8C7C61 /* Pods.release.xcconfig */;
			buildSettings = {
				ASSETCATALOG_COMPILER_APPICON_NAME = AppIcon;
				CLANG_ENABLE_MODULES = YES;
				GCC_PRECOMPILE_PREFIX_HEADER = YES;
				GCC_PREFIX_HEADER = PrefixHeader.pch;
				HEADER_SEARCH_PATHS = (
					"$(inherited)",
					"\"${PODS_ROOT}/Headers/Public\"",
					"\"${PODS_ROOT}/Headers/Public/BNRSSFeedParser\"",
					"$(SDKROOT)/usr/include/libxml2",
				);
				INFOPLIST_FILE = Campuswelle/Info.plist;
				LD_RUNPATH_SEARCH_PATHS = "$(inherited) @executable_path/Frameworks";
				PRODUCT_NAME = "$(TARGET_NAME)";
				SWIFT_OBJC_BRIDGING_HEADER = "Campuswelle-Bridging-Header.h";
				VERSION_INFO_PREFIX = "";
			};
			name = Release;
		};
		DA5AD6EA1ADFF70E00C740E6 /* Debug */ = {
			isa = XCBuildConfiguration;
			buildSettings = {
				BUNDLE_LOADER = "$(TEST_HOST)";
				FRAMEWORK_SEARCH_PATHS = (
					"$(SDKROOT)/Developer/Library/Frameworks",
					"$(inherited)",
				);
				GCC_PREPROCESSOR_DEFINITIONS = (
					"DEBUG=1",
					"$(inherited)",
				);
				INFOPLIST_FILE = CampuswelleTests/Info.plist;
				LD_RUNPATH_SEARCH_PATHS = "$(inherited) @executable_path/Frameworks @loader_path/Frameworks";
				PRODUCT_NAME = "$(TARGET_NAME)";
				TEST_HOST = "$(BUILT_PRODUCTS_DIR)/Campuswelle.app/Campuswelle";
			};
			name = Debug;
		};
		DA5AD6EB1ADFF70E00C740E6 /* Release */ = {
			isa = XCBuildConfiguration;
			buildSettings = {
				BUNDLE_LOADER = "$(TEST_HOST)";
				FRAMEWORK_SEARCH_PATHS = (
					"$(SDKROOT)/Developer/Library/Frameworks",
					"$(inherited)",
				);
				INFOPLIST_FILE = CampuswelleTests/Info.plist;
				LD_RUNPATH_SEARCH_PATHS = "$(inherited) @executable_path/Frameworks @loader_path/Frameworks";
				PRODUCT_NAME = "$(TARGET_NAME)";
				TEST_HOST = "$(BUILT_PRODUCTS_DIR)/Campuswelle.app/Campuswelle";
			};
			name = Release;
		};
/* End XCBuildConfiguration section */

/* Begin XCConfigurationList section */
		DA5AD6C01ADFF70E00C740E6 /* Build configuration list for PBXProject "Campuswelle" */ = {
			isa = XCConfigurationList;
			buildConfigurations = (
				DA5AD6E41ADFF70E00C740E6 /* Debug */,
				DA5AD6E51ADFF70E00C740E6 /* Release */,
			);
			defaultConfigurationIsVisible = 0;
			defaultConfigurationName = Release;
		};
		DA5AD6E61ADFF70E00C740E6 /* Build configuration list for PBXNativeTarget "Campuswelle" */ = {
			isa = XCConfigurationList;
			buildConfigurations = (
				DA5AD6E71ADFF70E00C740E6 /* Debug */,
				DA5AD6E81ADFF70E00C740E6 /* Release */,
			);
			defaultConfigurationIsVisible = 0;
			defaultConfigurationName = Release;
		};
		DA5AD6E91ADFF70E00C740E6 /* Build configuration list for PBXNativeTarget "CampuswelleTests" */ = {
			isa = XCConfigurationList;
			buildConfigurations = (
				DA5AD6EA1ADFF70E00C740E6 /* Debug */,
				DA5AD6EB1ADFF70E00C740E6 /* Release */,
			);
			defaultConfigurationIsVisible = 0;
			defaultConfigurationName = Release;
		};
/* End XCConfigurationList section */
	};
	rootObject = DA5AD6BD1ADFF70E00C740E6 /* Project object */;
}
